
Microsoft Visual Studio Solution File, Format Version 11.00
# Visual Studio 2010
Project("{FAE04EC0-301F-11D3-BF4B-00C04F79EFBC}") = "MediaWiki", "MediaWiki\MediaWiki.csproj", "{18B59A91-F810-4A74-88D0-E62C8A7461B9}"
EndProject
Global
	GlobalSection(SolutionConfigurationPlatforms) = preSolution
		Debug|Any CPU = Debug|Any CPU
		Release|Any CPU = Release|Any CPU
	EndGlobalSection
	GlobalSection(ProjectConfigurationPlatforms) = postSolution
		{18B59A91-F810-4A74-88D0-E62C8A7461B9}.Debug|Any CPU.ActiveCfg = Debug|Any CPU
		{18B59A91-F810-4A74-88D0-E62C8A7461B9}.Debug|Any CPU.Build.0 = Debug|Any CPU
		{18B59A91-F810-4A74-88D0-E62C8A7461B9}.Release|Any CPU.ActiveCfg = Release|Any CPU
		{18B59A91-F810-4A74-88D0-E62C8A7461B9}.Release|Any CPU.Build.0 = Release|Any CPU
	EndGlobalSection
	GlobalSection(SolutionProperties) = preSolution
		HideSolutionNode = FALSE
	EndGlobalSection
EndGlobal
